
Microsoft Visual Studio Solution File, Format Version 12.00
# Visual Studio Version 16
VisualStudioVersion = 16.0.30413.136
MinimumVisualStudioVersion = 10.0.40219.1
Project("{888888A0-9F3D-457C-B088-3A5042F75D52}") = "timetable", "timetable.pyproj", "{0C306132-B399-4D83-9CF2-AE3861042316}"
EndProject
Global
	GlobalSection(SolutionConfigurationPlatforms) = preSolution
		Debug|Any CPU = Debug|Any CPU
		Release|Any CPU = Release|Any CPU
	EndGlobalSection
	GlobalSection(ProjectConfigurationPlatforms) = postSolution
		{0C306132-B399-4D83-9CF2-AE3861042316}.Debug|Any CPU.ActiveCfg = Debug|Any CPU
		{0C306132-B399-4D83-9CF2-AE3861042316}.Release|Any CPU.ActiveCfg = Release|Any CPU
	EndGlobalSection
	GlobalSection(SolutionProperties) = preSolution
		HideSolutionNode = FALSE
	EndGlobalSection
	GlobalSection(ExtensibilityGlobals) = postSolution
		SolutionGuid = {63675C3C-7AFD-45FD-B73B-90F626AE1B30}
	EndGlobalSection
EndGlobal
